
Microsoft Visual Studio Solution File, Format Version 12.00
# Visual Studio Version 16
VisualStudioVersion = 16.0.30503.244
MinimumVisualStudioVersion = 10.0.40219.1
Project("{9A19103F-16F7-4668-BE54-9A1E7A4F7556}") = "botmico", "botmico\botmico.csproj", "{9A184E7F-7AFD-465A-8CF8-600CE80960C2}"
EndProject
Global
	GlobalSection(SolutionConfigurationPlatforms) = preSolution
		Debug|Any CPU = Debug|Any CPU
		Release|Any CPU = Release|Any CPU
	EndGlobalSection
	GlobalSection(ProjectConfigurationPlatforms) = postSolution
		{9A184E7F-7AFD-465A-8CF8-600CE80960C2}.Debug|Any CPU.ActiveCfg = Debug|Any CPU
		{9A184E7F-7AFD-465A-8CF8-600CE80960C2}.Debug|Any CPU.Build.0 = Debug|Any CPU
		{9A184E7F-7AFD-465A-8CF8-600CE80960C2}.Release|Any CPU.ActiveCfg = Release|Any CPU
		{9A184E7F-7AFD-465A-8CF8-600CE80960C2}.Release|Any CPU.Build.0 = Release|Any CPU
	EndGlobalSection
	GlobalSection(SolutionProperties) = preSolution
		HideSolutionNode = FALSE
	EndGlobalSection
	GlobalSection(ExtensibilityGlobals) = postSolution
		SolutionGuid = {E3F1F928-9B90-44B1-B0B2-F294DD6E03DF}
	EndGlobalSection
EndGlobal
